
Microsoft Visual Studio Solution File, Format Version 12.00
# Visual Studio Version 16
VisualStudioVersion = 16.0.31624.102
MinimumVisualStudioVersion = 10.0.40219.1
Project("{FAE04EC0-301F-11D3-BF4B-00C04F79EFBC}") = "Restaurant Website", "Restaurant Website\Restaurant Website.csproj", "{CE073CE6-1218-45F7-AECD-2854B47A8C75}"
EndProject
Global
	GlobalSection(SolutionConfigurationPlatforms) = preSolution
		Debug|Any CPU = Debug|Any CPU
		Release|Any CPU = Release|Any CPU
	EndGlobalSection
	GlobalSection(ProjectConfigurationPlatforms) = postSolution
		{CE073CE6-1218-45F7-AECD-2854B47A8C75}.Debug|Any CPU.ActiveCfg = Debug|Any CPU
		{CE073CE6-1218-45F7-AECD-2854B47A8C75}.Debug|Any CPU.Build.0 = Debug|Any CPU
		{CE073CE6-1218-45F7-AECD-2854B47A8C75}.Release|Any CPU.ActiveCfg = Release|Any CPU
		{CE073CE6-1218-45F7-AECD-2854B47A8C75}.Release|Any CPU.Build.0 = Release|Any CPU
	EndGlobalSection
	GlobalSection(SolutionProperties) = preSolution
		HideSolutionNode = FALSE
	EndGlobalSection
	GlobalSection(ExtensibilityGlobals) = postSolution
		SolutionGuid = {2786E33B-6BA2-4FF8-9E0D-19F2BB501720}
	EndGlobalSection
EndGlobal
